
Microsoft Visual Studio Solution File, Format Version 12.00
# Visual Studio 15
Project("{FAE04EC0-301F-11D3-BF4B-00C04F79EFBC}") = "XamarinAppSyncChatApp.Android", "XamarinAppSyncChatApp.Android\XamarinAppSyncChatApp.Android.csproj", "{0157C8FD-6144-4E93-84BC-85D8BB6CB282}"
EndProject
Project("{FAE04EC0-301F-11D3-BF4B-00C04F79EFBC}") = "XamarinAppSyncChatApp.iOS", "XamarinAppSyncChatApp.iOS\XamarinAppSyncChatApp.iOS.csproj", "{1CB55A40-E7CF-4D08-9216-19A769DB048B}"
EndProject
Project("{FAE04EC0-301F-11D3-BF4B-00C04F79EFBC}") = "XamarinAppSyncChatApp", "XamarinAppSyncChatApp\XamarinAppSyncChatApp.csproj", "{5AEE075F-66D8-451D-87EE-99485E32BE0C}"
EndProject
Project("{FAE04EC0-301F-11D3-BF4B-00C04F79EFBC}") = "AppSyncChatLibraryBinding.Android", "AppSyncChatLibraryBinding.Android\AppSyncChatLibraryBinding.Android.csproj", "{5D740707-5D7A-4E3D-95A4-50C16D2FD19F}"
EndProject
Project("{FAE04EC0-301F-11D3-BF4B-00C04F79EFBC}") = "AppSyncChatLibraryBinding.iOS", "AppSyncChatLibraryBinding.iOS\AppSyncChatLibraryBinding.iOS.csproj", "{15B6EC20-340E-4B98-8418-08B20A7BA93A}"
EndProject
Global
	GlobalSection(SolutionConfigurationPlatforms) = preSolution
		Debug|Any CPU = Debug|Any CPU
		Release|Any CPU = Release|Any CPU
		Debug|iPhoneSimulator = Debug|iPhoneSimulator
		Release|iPhoneSimulator = Release|iPhoneSimulator
		Debug|iPhone = Debug|iPhone
		Release|iPhone = Release|iPhone
	EndGlobalSection
	GlobalSection(ProjectConfigurationPlatforms) = postSolution
		{0157C8FD-6144-4E93-84BC-85D8BB6CB282}.Debug|Any CPU.ActiveCfg = Debug|Any CPU
		{0157C8FD-6144-4E93-84BC-85D8BB6CB282}.Debug|Any CPU.Build.0 = Debug|Any CPU
		{0157C8FD-6144-4E93-84BC-85D8BB6CB282}.Release|Any CPU.ActiveCfg = Release|Any CPU
		{0157C8FD-6144-4E93-84BC-85D8BB6CB282}.Release|Any CPU.Build.0 = Release|Any CPU
		{0157C8FD-6144-4E93-84BC-85D8BB6CB282}.Debug|iPhoneSimulator.ActiveCfg = Debug|Any CPU
		{0157C8FD-6144-4E93-84BC-85D8BB6CB282}.Debug|iPhoneSimulator.Build.0 = Debug|Any CPU
		{0157C8FD-6144-4E93-84BC-85D8BB6CB282}.Release|iPhoneSimulator.ActiveCfg = Release|Any CPU
		{0157C8FD-6144-4E93-84BC-85D8BB6CB282}.Release|iPhoneSimulator.Build.0 = Release|Any CPU
		{0157C8FD-6144-4E93-84BC-85D8BB6CB282}.Debug|iPhone.ActiveCfg = Debug|Any CPU
		{0157C8FD-6144-4E93-84BC-85D8BB6CB282}.Debug|iPhone.Build.0 = Debug|Any CPU
		{0157C8FD-6144-4E93-84BC-85D8BB6CB282}.Release|iPhone.ActiveCfg = Release|Any CPU
		{0157C8FD-6144-4E93-84BC-85D8BB6CB282}.Release|iPhone.Build.0 = Release|Any CPU
		{1CB55A40-E7CF-4D08-9216-19A769DB048B}.Debug|Any CPU.ActiveCfg = Debug|iPhoneSimulator
		{1CB55A40-E7CF-4D08-9216-19A769DB048B}.Debug|Any CPU.Build.0 = Debug|iPhoneSimulator
		{1CB55A40-E7CF-4D08-9216-19A769DB048B}.Release|Any CPU.ActiveCfg = Release|iPhoneSimulator
		{1CB55A40-E7CF-4D08-9216-19A769DB048B}.Release|Any CPU.Build.0 = Release|iPhoneSimulator
		{1CB55A40-E7CF-4D08-9216-19A769DB048B}.Debug|iPhoneSimulator.ActiveCfg = Debug|iPhoneSimulator
		{1CB55A40-E7CF-4D08-9216-19A769DB048B}.Debug|iPhoneSimulator.Build.0 = Debug|iPhoneSimulator
		{1CB55A40-E7CF-4D08-9216-19A769DB048B}.Release|iPhoneSimulator.ActiveCfg = Release|iPhoneSimulator
		{1CB55A40-E7CF-4D08-9216-19A769DB048B}.Release|iPhoneSimulator.Build.0 = Release|iPhoneSimulator
		{1CB55A40-E7CF-4D08-9216-19A769DB048B}.Debug|iPhone.ActiveCfg = Debug|iPhone
		{1CB55A40-E7CF-4D08-9216-19A769DB048B}.Debug|iPhone.Build.0 = Debug|iPhone
		{1CB55A40-E7CF-4D08-9216-19A769DB048B}.Release|iPhone.ActiveCfg = Release|iPhone
		{1CB55A40-E7CF-4D08-9216-19A769DB048B}.Release|iPhone.Build.0 = Release|iPhone
		{5AEE075F-66D8-451D-87EE-99485E32BE0C}.Debug|Any CPU.ActiveCfg = Debug|Any CPU
		{5AEE075F-66D8-451D-87EE-99485E32BE0C}.Debug|Any CPU.Build.0 = Debug|Any CPU
		{5AEE075F-66D8-451D-87EE-99485E32BE0C}.Release|Any CPU.ActiveCfg = Release|Any CPU
		{5AEE075F-66D8-451D-87EE-99485E32BE0C}.Release|Any CPU.Build.0 = Release|Any CPU
		{5AEE075F-66D8-451D-87EE-99485E32BE0C}.Debug|iPhoneSimulator.ActiveCfg = Debug|Any CPU
		{5AEE075F-66D8-451D-87EE-99485E32BE0C}.Debug|iPhoneSimulator.Build.0 = Debug|Any CPU
		{5AEE075F-66D8-451D-87EE-99485E32BE0C}.Release|iPhoneSimulator.ActiveCfg = Release|Any CPU
		{5AEE075F-66D8-451D-87EE-99485E32BE0C}.Release|iPhoneSimulator.Build.0 = Release|Any CPU
		{5AEE075F-66D8-451D-87EE-99485E32BE0C}.Debug|iPhone.ActiveCfg = Debug|Any CPU
		{5AEE075F-66D8-451D-87EE-99485E32BE0C}.Debug|iPhone.Build.0 = Debug|Any CPU
		{5AEE075F-66D8-451D-87EE-99485E32BE0C}.Release|iPhone.ActiveCfg = Release|Any CPU
		{5AEE075F-66D8-451D-87EE-99485E32BE0C}.Release|iPhone.Build.0 = Release|Any CPU
		{5D740707-5D7A-4E3D-95A4-50C16D2FD19F}.Debug|Any CPU.ActiveCfg = Debug|Any CPU
		{5D740707-5D7A-4E3D-95A4-50C16D2FD19F}.Debug|Any CPU.Build.0 = Debug|Any CPU
		{5D740707-5D7A-4E3D-95A4-50C16D2FD19F}.Release|Any CPU.ActiveCfg = Release|Any CPU
		{5D740707-5D7A-4E3D-95A4-50C16D2FD19F}.Release|Any CPU.Build.0 = Release|Any CPU
		{5D740707-5D7A-4E3D-95A4-50C16D2FD19F}.Debug|iPhoneSimulator.ActiveCfg = Debug|Any CPU
		{5D740707-5D7A-4E3D-95A4-50C16D2FD19F}.Debug|iPhoneSimulator.Build.0 = Debug|Any CPU
		{5D740707-5D7A-4E3D-95A4-50C16D2FD19F}.Release|iPhoneSimulator.ActiveCfg = Release|Any CPU
		{5D740707-5D7A-4E3D-95A4-50C16D2FD19F}.Release|iPhoneSimulator.Build.0 = Release|Any CPU
		{5D740707-5D7A-4E3D-95A4-50C16D2FD19F}.Debug|iPhone.ActiveCfg = Debug|Any CPU
		{5D740707-5D7A-4E3D-95A4-50C16D2FD19F}.Debug|iPhone.Build.0 = Debug|Any CPU
		{5D740707-5D7A-4E3D-95A4-50C16D2FD19F}.Release|iPhone.ActiveCfg = Release|Any CPU
		{5D740707-5D7A-4E3D-95A4-50C16D2FD19F}.Release|iPhone.Build.0 = Release|Any CPU
		{15B6EC20-340E-4B98-8418-08B20A7BA93A}.Debug|Any CPU.ActiveCfg = Debug|Any CPU
		{15B6EC20-340E-4B98-8418-08B20A7BA93A}.Debug|Any CPU.Build.0 = Debug|Any CPU
		{15B6EC20-340E-4B98-8418-08B20A7BA93A}.Release|Any CPU.ActiveCfg = Release|Any CPU
		{15B6EC20-340E-4B98-8418-08B20A7BA93A}.Release|Any CPU.Build.0 = Release|Any CPU
		{15B6EC20-340E-4B98-8418-08B20A7BA93A}.Debug|iPhoneSimulator.ActiveCfg = Debug|Any CPU
		{15B6EC20-340E-4B98-8418-08B20A7BA93A}.Debug|iPhoneSimulator.Build.0 = Debug|Any CPU
		{15B6EC20-340E-4B98-8418-08B20A7BA93A}.Release|iPhoneSimulator.ActiveCfg = Release|Any CPU
		{15B6EC20-340E-4B98-8418-08B20A7BA93A}.Release|iPhoneSimulator.Build.0 = Release|Any CPU
		{15B6EC20-340E-4B98-8418-08B20A7BA93A}.Debug|iPhone.ActiveCfg = Debug|Any CPU
		{15B6EC20-340E-4B98-8418-08B20A7BA93A}.Debug|iPhone.Build.0 = Debug|Any CPU
		{15B6EC20-340E-4B98-8418-08B20A7BA93A}.Release|iPhone.ActiveCfg = Release|Any CPU
		{15B6EC20-340E-4B98-8418-08B20A7BA93A}.Release|iPhone.Build.0 = Release|Any CPU
	EndGlobalSection
EndGlobal
